
Microsoft Visual Studio Solution File, Format Version 12.00
# Visual Studio 2013
VisualStudioVersion = 12.0.31101.0
MinimumVisualStudioVersion = 10.0.40219.1
Project("{E24C65DC-7377-472B-9ABA-BC803B73C61A}") = "CleanHead(1)", "CleanHead", "{601ACC15-4965-411F-AE56-8CDC83B248D2}"
	ProjectSection(WebsiteProperties) = preProject
		TargetFrameworkMoniker = ".NETFramework,Version%3Dv4.0"
		Debug.AspNetCompiler.VirtualPath = "/CleanHead"
		Debug.AspNetCompiler.PhysicalPath = "CleanHead\"
		Debug.AspNetCompiler.TargetPath = "PrecompiledWeb\CleanHead\"
		Debug.AspNetCompiler.Updateable = "true"
		Debug.AspNetCompiler.ForceOverwrite = "true"
		Debug.AspNetCompiler.FixedNames = "false"
		Debug.AspNetCompiler.Debug = "True"
		Release.AspNetCompiler.VirtualPath = "/CleanHead"
		Release.AspNetCompiler.PhysicalPath = "CleanHead\"
		Release.AspNetCompiler.TargetPath = "PrecompiledWeb\CleanHead\"
		Release.AspNetCompiler.Updateable = "true"
		Release.AspNetCompiler.ForceOverwrite = "true"
		Release.AspNetCompiler.FixedNames = "false"
		Release.AspNetCompiler.Debug = "False"
		VWDPort = "41310"
		SlnRelativePath = "CleanHead\"
	EndProjectSection
EndProject
Project("{E24C65DC-7377-472B-9ABA-BC803B73C61A}") = "wsCities", "wsCities", "{FA923D7B-3B20-4F12-AE56-4B5B73CBC1F4}"
	ProjectSection(WebsiteProperties) = preProject
		TargetFrameworkMoniker = ".NETFramework,Version%3Dv4.5"
		Debug.AspNetCompiler.VirtualPath = "/wsCities"
		Debug.AspNetCompiler.PhysicalPath = "wsCities\"
		Debug.AspNetCompiler.TargetPath = "PrecompiledWeb\wsCities\"
		Debug.AspNetCompiler.Updateable = "true"
		Debug.AspNetCompiler.ForceOverwrite = "true"
		Debug.AspNetCompiler.FixedNames = "false"
		Debug.AspNetCompiler.Debug = "True"
		Release.AspNetCompiler.VirtualPath = "/wsCities"
		Release.AspNetCompiler.PhysicalPath = "wsCities\"
		Release.AspNetCompiler.TargetPath = "PrecompiledWeb\wsCities\"
		Release.AspNetCompiler.Updateable = "true"
		Release.AspNetCompiler.ForceOverwrite = "true"
		Release.AspNetCompiler.FixedNames = "false"
		Release.AspNetCompiler.Debug = "False"
		VWDPort = "41313"
		SlnRelativePath = "wsCities\"
	EndProjectSection
EndProject
Project("{E24C65DC-7377-472B-9ABA-BC803B73C61A}") = "MinistryofEducation", "http://localhost:48595", "{D229401C-7F1D-4C04-9FDE-A213C78D87A9}"
	ProjectSection(WebsiteProperties) = preProject
		UseIISExpress = "true"
		TargetFrameworkMoniker = ".NETFramework,Version%3Dv4.5"
		Debug.AspNetCompiler.VirtualPath = "/localhost_48595"
		Debug.AspNetCompiler.PhysicalPath = "MinistryofEducation\"
		Debug.AspNetCompiler.TargetPath = "PrecompiledWeb\localhost_48595\"
		Debug.AspNetCompiler.Updateable = "true"
		Debug.AspNetCompiler.ForceOverwrite = "true"
		Debug.AspNetCompiler.FixedNames = "false"
		Debug.AspNetCompiler.Debug = "True"
		Release.AspNetCompiler.VirtualPath = "/localhost_48595"
		Release.AspNetCompiler.PhysicalPath = "MinistryofEducation\"
		Release.AspNetCompiler.TargetPath = "PrecompiledWeb\localhost_48595\"
		Release.AspNetCompiler.Updateable = "true"
		Release.AspNetCompiler.ForceOverwrite = "true"
		Release.AspNetCompiler.FixedNames = "false"
		Release.AspNetCompiler.Debug = "False"
		SlnRelativePath = "MinistryofEducation\"
	EndProjectSection
EndProject
Global
	GlobalSection(SolutionConfigurationPlatforms) = preSolution
		Debug|Any CPU = Debug|Any CPU
	EndGlobalSection
	GlobalSection(ProjectConfigurationPlatforms) = postSolution
		{601ACC15-4965-411F-AE56-8CDC83B248D2}.Debug|Any CPU.ActiveCfg = Debug|Any CPU
		{601ACC15-4965-411F-AE56-8CDC83B248D2}.Debug|Any CPU.Build.0 = Debug|Any CPU
		{FA923D7B-3B20-4F12-AE56-4B5B73CBC1F4}.Debug|Any CPU.ActiveCfg = Debug|Any CPU
		{FA923D7B-3B20-4F12-AE56-4B5B73CBC1F4}.Debug|Any CPU.Build.0 = Debug|Any CPU
		{D229401C-7F1D-4C04-9FDE-A213C78D87A9}.Debug|Any CPU.ActiveCfg = Debug|Any CPU
		{D229401C-7F1D-4C04-9FDE-A213C78D87A9}.Debug|Any CPU.Build.0 = Debug|Any CPU
	EndGlobalSection
	GlobalSection(SolutionProperties) = preSolution
		HideSolutionNode = FALSE
	EndGlobalSection
EndGlobal
